
Microsoft Visual Studio Solution File, Format Version 12.00
# Visual Studio Version 16
VisualStudioVersion = 25.0.1706.0
MinimumVisualStudioVersion = 10.0.40219.1
Project("{2150E333-8FDC-42A3-9474-1A3956D46DE8}") = "Recruiting", "Recruiting", "{52E3CA87-55B9-404A-868C-0EA930000D66}"
EndProject
Project("{2150E333-8FDC-42A3-9474-1A3956D46DE8}") = "Interviews", "Interviews", "{04A886B4-2F18-44A7-8F9D-0DDD914CD6D4}"
EndProject
Project("{2150E333-8FDC-42A3-9474-1A3956D46DE8}") = "OnBoarding", "OnBoarding", "{CEF5125F-41CF-4B2C-AE8E-7DA9F86896CA}"
EndProject
Project("{2150E333-8FDC-42A3-9474-1A3956D46DE8}") = "Authentication", "Authentication", "{04EBF8CF-8B3F-4BC6-8A2B-2C12083A593A}"
EndProject
Project("{FAE04EC0-301F-11D3-BF4B-00C04F79EFBC}") = "RecruitingWeb", "Services\Recruiting\RecruitingWeb\RecruitingWeb.csproj", "{B62107C0-6D75-4E19-B1FB-B4F6F08225AF}"
EndProject
Project("{FAE04EC0-301F-11D3-BF4B-00C04F79EFBC}") = "ApplicationCore", "Services\Recruiting\ApplicationCore\ApplicationCore.csproj", "{BE94001B-9256-4854-B319-4C49132BB332}"
EndProject
Project("{FAE04EC0-301F-11D3-BF4B-00C04F79EFBC}") = "Infrastruction", "Services\Recruiting\Infrastruction\Infrastruction.csproj", "{2D38ECBE-1B8F-4236-9ADB-8FA0AF617E71}"
EndProject
Project("{FAE04EC0-301F-11D3-BF4B-00C04F79EFBC}") = "Recruiting.API", "Services\Recruiting\Recruiting.API\Recruiting.API.csproj", "{32D37C64-9AF8-40F7-A37B-9AC7401F1866}"
EndProject
Project("{FAE04EC0-301F-11D3-BF4B-00C04F79EFBC}") = "ApplicationCore", "Services\Interviews\ApplicationCore\ApplicationCore.csproj", "{E34B4BF9-8AC3-493F-9FC0-D32DC5A682D4}"
EndProject
Project("{FAE04EC0-301F-11D3-BF4B-00C04F79EFBC}") = "Infrastructure", "Services\Interviews\Infrastructure\Infrastructure.csproj", "{56837E37-0985-45F8-82A2-855CFA33A8BD}"
EndProject
Project("{FAE04EC0-301F-11D3-BF4B-00C04F79EFBC}") = "Interview.API", "Services\Interviews\Interview.API\Interview.API.csproj", "{4538F490-17B3-41C8-8AA1-CF5241F6AB70}"
EndProject
Project("{FAE04EC0-301F-11D3-BF4B-00C04F79EFBC}") = "OnBoarding.API", "Services\OnBoarding\OnBoarding.API\OnBoarding.API.csproj", "{D3061232-E01F-4323-BA54-BC15028200F7}"
EndProject
Project("{FAE04EC0-301F-11D3-BF4B-00C04F79EFBC}") = "ApplicationCore", "Services\OnBoarding\ApplicationCore\ApplicationCore.csproj", "{95613FDE-BCA1-4612-8A50-FBD2F96876ED}"
EndProject
Project("{FAE04EC0-301F-11D3-BF4B-00C04F79EFBC}") = "Infrastructure", "Services\OnBoarding\Infrastructure\Infrastructure.csproj", "{6A35E7B0-A216-4818-A719-33CE651FCA75}"
EndProject
Project("{FAE04EC0-301F-11D3-BF4B-00C04F79EFBC}") = "Authentication.API", "Services\Authentication\Authentication.API\Authentication.API.csproj", "{263786AF-C340-4870-801D-D99D051A5648}"
EndProject
Global
	GlobalSection(SolutionConfigurationPlatforms) = preSolution
		Debug|Any CPU = Debug|Any CPU
		Release|Any CPU = Release|Any CPU
	EndGlobalSection
	GlobalSection(ProjectConfigurationPlatforms) = postSolution
		{B62107C0-6D75-4E19-B1FB-B4F6F08225AF}.Debug|Any CPU.ActiveCfg = Debug|Any CPU
		{B62107C0-6D75-4E19-B1FB-B4F6F08225AF}.Debug|Any CPU.Build.0 = Debug|Any CPU
		{B62107C0-6D75-4E19-B1FB-B4F6F08225AF}.Release|Any CPU.ActiveCfg = Release|Any CPU
		{B62107C0-6D75-4E19-B1FB-B4F6F08225AF}.Release|Any CPU.Build.0 = Release|Any CPU
		{BE94001B-9256-4854-B319-4C49132BB332}.Debug|Any CPU.ActiveCfg = Debug|Any CPU
		{BE94001B-9256-4854-B319-4C49132BB332}.Debug|Any CPU.Build.0 = Debug|Any CPU
		{BE94001B-9256-4854-B319-4C49132BB332}.Release|Any CPU.ActiveCfg = Release|Any CPU
		{BE94001B-9256-4854-B319-4C49132BB332}.Release|Any CPU.Build.0 = Release|Any CPU
		{2D38ECBE-1B8F-4236-9ADB-8FA0AF617E71}.Debug|Any CPU.ActiveCfg = Debug|Any CPU
		{2D38ECBE-1B8F-4236-9ADB-8FA0AF617E71}.Debug|Any CPU.Build.0 = Debug|Any CPU
		{2D38ECBE-1B8F-4236-9ADB-8FA0AF617E71}.Release|Any CPU.ActiveCfg = Release|Any CPU
		{2D38ECBE-1B8F-4236-9ADB-8FA0AF617E71}.Release|Any CPU.Build.0 = Release|Any CPU
		{32D37C64-9AF8-40F7-A37B-9AC7401F1866}.Debug|Any CPU.ActiveCfg = Debug|Any CPU
		{32D37C64-9AF8-40F7-A37B-9AC7401F1866}.Debug|Any CPU.Build.0 = Debug|Any CPU
		{32D37C64-9AF8-40F7-A37B-9AC7401F1866}.Release|Any CPU.ActiveCfg = Release|Any CPU
		{32D37C64-9AF8-40F7-A37B-9AC7401F1866}.Release|Any CPU.Build.0 = Release|Any CPU
		{E34B4BF9-8AC3-493F-9FC0-D32DC5A682D4}.Debug|Any CPU.ActiveCfg = Debug|Any CPU
		{E34B4BF9-8AC3-493F-9FC0-D32DC5A682D4}.Debug|Any CPU.Build.0 = Debug|Any CPU
		{E34B4BF9-8AC3-493F-9FC0-D32DC5A682D4}.Release|Any CPU.ActiveCfg = Release|Any CPU
		{E34B4BF9-8AC3-493F-9FC0-D32DC5A682D4}.Release|Any CPU.Build.0 = Release|Any CPU
		{56837E37-0985-45F8-82A2-855CFA33A8BD}.Debug|Any CPU.ActiveCfg = Debug|Any CPU
		{56837E37-0985-45F8-82A2-855CFA33A8BD}.Debug|Any CPU.Build.0 = Debug|Any CPU
		{56837E37-0985-45F8-82A2-855CFA33A8BD}.Release|Any CPU.ActiveCfg = Release|Any CPU
		{56837E37-0985-45F8-82A2-855CFA33A8BD}.Release|Any CPU.Build.0 = Release|Any CPU
		{4538F490-17B3-41C8-8AA1-CF5241F6AB70}.Debug|Any CPU.ActiveCfg = Debug|Any CPU
		{4538F490-17B3-41C8-8AA1-CF5241F6AB70}.Debug|Any CPU.Build.0 = Debug|Any CPU
		{4538F490-17B3-41C8-8AA1-CF5241F6AB70}.Release|Any CPU.ActiveCfg = Release|Any CPU
		{4538F490-17B3-41C8-8AA1-CF5241F6AB70}.Release|Any CPU.Build.0 = Release|Any CPU
		{D3061232-E01F-4323-BA54-BC15028200F7}.Debug|Any CPU.ActiveCfg = Debug|Any CPU
		{D3061232-E01F-4323-BA54-BC15028200F7}.Debug|Any CPU.Build.0 = Debug|Any CPU
		{D3061232-E01F-4323-BA54-BC15028200F7}.Release|Any CPU.ActiveCfg = Release|Any CPU
		{D3061232-E01F-4323-BA54-BC15028200F7}.Release|Any CPU.Build.0 = Release|Any CPU
		{95613FDE-BCA1-4612-8A50-FBD2F96876ED}.Debug|Any CPU.ActiveCfg = Debug|Any CPU
		{95613FDE-BCA1-4612-8A50-FBD2F96876ED}.Debug|Any CPU.Build.0 = Debug|Any CPU
		{95613FDE-BCA1-4612-8A50-FBD2F96876ED}.Release|Any CPU.ActiveCfg = Release|Any CPU
		{95613FDE-BCA1-4612-8A50-FBD2F96876ED}.Release|Any CPU.Build.0 = Release|Any CPU
		{6A35E7B0-A216-4818-A719-33CE651FCA75}.Debug|Any CPU.ActiveCfg = Debug|Any CPU
		{6A35E7B0-A216-4818-A719-33CE651FCA75}.Debug|Any CPU.Build.0 = Debug|Any CPU
		{6A35E7B0-A216-4818-A719-33CE651FCA75}.Release|Any CPU.ActiveCfg = Release|Any CPU
		{6A35E7B0-A216-4818-A719-33CE651FCA75}.Release|Any CPU.Build.0 = Release|Any CPU
		{263786AF-C340-4870-801D-D99D051A5648}.Debug|Any CPU.ActiveCfg = Debug|Any CPU
		{263786AF-C340-4870-801D-D99D051A5648}.Debug|Any CPU.Build.0 = Debug|Any CPU
		{263786AF-C340-4870-801D-D99D051A5648}.Release|Any CPU.ActiveCfg = Release|Any CPU
		{263786AF-C340-4870-801D-D99D051A5648}.Release|Any CPU.Build.0 = Release|Any CPU
	EndGlobalSection
	GlobalSection(SolutionProperties) = preSolution
		HideSolutionNode = FALSE
	EndGlobalSection
	GlobalSection(ExtensibilityGlobals) = postSolution
		SolutionGuid = {8ACF764D-BED7-4373-9087-DD16CFD91858}
	EndGlobalSection
	GlobalSection(NestedProjects) = preSolution
		{B62107C0-6D75-4E19-B1FB-B4F6F08225AF} = {52E3CA87-55B9-404A-868C-0EA930000D66}
		{BE94001B-9256-4854-B319-4C49132BB332} = {52E3CA87-55B9-404A-868C-0EA930000D66}
		{2D38ECBE-1B8F-4236-9ADB-8FA0AF617E71} = {52E3CA87-55B9-404A-868C-0EA930000D66}
		{32D37C64-9AF8-40F7-A37B-9AC7401F1866} = {52E3CA87-55B9-404A-868C-0EA930000D66}
		{E34B4BF9-8AC3-493F-9FC0-D32DC5A682D4} = {04A886B4-2F18-44A7-8F9D-0DDD914CD6D4}
		{56837E37-0985-45F8-82A2-855CFA33A8BD} = {04A886B4-2F18-44A7-8F9D-0DDD914CD6D4}
		{4538F490-17B3-41C8-8AA1-CF5241F6AB70} = {04A886B4-2F18-44A7-8F9D-0DDD914CD6D4}
		{D3061232-E01F-4323-BA54-BC15028200F7} = {CEF5125F-41CF-4B2C-AE8E-7DA9F86896CA}
		{95613FDE-BCA1-4612-8A50-FBD2F96876ED} = {CEF5125F-41CF-4B2C-AE8E-7DA9F86896CA}
		{6A35E7B0-A216-4818-A719-33CE651FCA75} = {CEF5125F-41CF-4B2C-AE8E-7DA9F86896CA}
		{263786AF-C340-4870-801D-D99D051A5648} = {04EBF8CF-8B3F-4BC6-8A2B-2C12083A593A}
	EndGlobalSection
EndGlobal
